
Microsoft Visual Studio Solution File, Format Version 12.00
# Visual Studio 15
VisualStudioVersion = 15.0.26124.0
MinimumVisualStudioVersion = 15.0.26124.0
Project("{2150E333-8FDC-42A3-9474-1A3956D46DE8}") = "BuildingBlock", "BuildingBlock", "{5BA654B8-8523-4E30-A74C-5193AC1AAE06}"
EndProject
Project("{FAE04EC0-301F-11D3-BF4B-00C04F79EFBC}") = "NSE.Core", "BuildingBlock\NSE.Core\NSE.Core.csproj", "{A860FF22-8DFD-4842-8D47-430B3C45A3E6}"
EndProject
Project("{2150E333-8FDC-42A3-9474-1A3956D46DE8}") = "Services", "Services", "{1A0960E9-BF5A-4E4F-9962-6DB482FEF9A2}"
EndProject
Project("{FAE04EC0-301F-11D3-BF4B-00C04F79EFBC}") = "NSE.Identidade.API", "Services\NSE.Identidade.API\NSE.Identidade.API.csproj", "{846EDA65-05C5-452E-89C0-20AD470FDDCB}"
EndProject
Global
	GlobalSection(SolutionConfigurationPlatforms) = preSolution
		Debug|Any CPU = Debug|Any CPU
		Debug|x64 = Debug|x64
		Debug|x86 = Debug|x86
		Release|Any CPU = Release|Any CPU
		Release|x64 = Release|x64
		Release|x86 = Release|x86
	EndGlobalSection
	GlobalSection(SolutionProperties) = preSolution
		HideSolutionNode = FALSE
	EndGlobalSection
	GlobalSection(ProjectConfigurationPlatforms) = postSolution
		{A860FF22-8DFD-4842-8D47-430B3C45A3E6}.Debug|Any CPU.ActiveCfg = Debug|Any CPU
		{A860FF22-8DFD-4842-8D47-430B3C45A3E6}.Debug|Any CPU.Build.0 = Debug|Any CPU
		{A860FF22-8DFD-4842-8D47-430B3C45A3E6}.Debug|x64.ActiveCfg = Debug|Any CPU
		{A860FF22-8DFD-4842-8D47-430B3C45A3E6}.Debug|x64.Build.0 = Debug|Any CPU
		{A860FF22-8DFD-4842-8D47-430B3C45A3E6}.Debug|x86.ActiveCfg = Debug|Any CPU
		{A860FF22-8DFD-4842-8D47-430B3C45A3E6}.Debug|x86.Build.0 = Debug|Any CPU
		{A860FF22-8DFD-4842-8D47-430B3C45A3E6}.Release|Any CPU.ActiveCfg = Release|Any CPU
		{A860FF22-8DFD-4842-8D47-430B3C45A3E6}.Release|Any CPU.Build.0 = Release|Any CPU
		{A860FF22-8DFD-4842-8D47-430B3C45A3E6}.Release|x64.ActiveCfg = Release|Any CPU
		{A860FF22-8DFD-4842-8D47-430B3C45A3E6}.Release|x64.Build.0 = Release|Any CPU
		{A860FF22-8DFD-4842-8D47-430B3C45A3E6}.Release|x86.ActiveCfg = Release|Any CPU
		{A860FF22-8DFD-4842-8D47-430B3C45A3E6}.Release|x86.Build.0 = Release|Any CPU
		{846EDA65-05C5-452E-89C0-20AD470FDDCB}.Debug|Any CPU.ActiveCfg = Debug|Any CPU
		{846EDA65-05C5-452E-89C0-20AD470FDDCB}.Debug|Any CPU.Build.0 = Debug|Any CPU
		{846EDA65-05C5-452E-89C0-20AD470FDDCB}.Debug|x64.ActiveCfg = Debug|Any CPU
		{846EDA65-05C5-452E-89C0-20AD470FDDCB}.Debug|x64.Build.0 = Debug|Any CPU
		{846EDA65-05C5-452E-89C0-20AD470FDDCB}.Debug|x86.ActiveCfg = Debug|Any CPU
		{846EDA65-05C5-452E-89C0-20AD470FDDCB}.Debug|x86.Build.0 = Debug|Any CPU
		{846EDA65-05C5-452E-89C0-20AD470FDDCB}.Release|Any CPU.ActiveCfg = Release|Any CPU
		{846EDA65-05C5-452E-89C0-20AD470FDDCB}.Release|Any CPU.Build.0 = Release|Any CPU
		{846EDA65-05C5-452E-89C0-20AD470FDDCB}.Release|x64.ActiveCfg = Release|Any CPU
		{846EDA65-05C5-452E-89C0-20AD470FDDCB}.Release|x64.Build.0 = Release|Any CPU
		{846EDA65-05C5-452E-89C0-20AD470FDDCB}.Release|x86.ActiveCfg = Release|Any CPU
		{846EDA65-05C5-452E-89C0-20AD470FDDCB}.Release|x86.Build.0 = Release|Any CPU
	EndGlobalSection
	GlobalSection(NestedProjects) = preSolution
		{A860FF22-8DFD-4842-8D47-430B3C45A3E6} = {5BA654B8-8523-4E30-A74C-5193AC1AAE06}
		{846EDA65-05C5-452E-89C0-20AD470FDDCB} = {1A0960E9-BF5A-4E4F-9962-6DB482FEF9A2}
	EndGlobalSection
EndGlobal
